
Microsoft Visual Studio Solution File, Format Version 12.00
# Visual Studio Version 17
VisualStudioVersion = 17.6.33829.357
MinimumVisualStudioVersion = 10.0.40219.1
Project("{FAE04EC0-301F-11D3-BF4B-00C04F79EFBC}") = "Csharp_quanli", "Csharp_quanli.csproj", "{2B6C8A2E-AC67-41B6-9995-933DF2CC5B1D}"
EndProject
Global
	GlobalSection(SolutionConfigurationPlatforms) = preSolution
		Debug|Any CPU = Debug|Any CPU
		Release|Any CPU = Release|Any CPU
	EndGlobalSection
	GlobalSection(ProjectConfigurationPlatforms) = postSolution
		{2B6C8A2E-AC67-41B6-9995-933DF2CC5B1D}.Debug|Any CPU.ActiveCfg = Debug|Any CPU
		{2B6C8A2E-AC67-41B6-9995-933DF2CC5B1D}.Debug|Any CPU.Build.0 = Debug|Any CPU
		{2B6C8A2E-AC67-41B6-9995-933DF2CC5B1D}.Release|Any CPU.ActiveCfg = Release|Any CPU
		{2B6C8A2E-AC67-41B6-9995-933DF2CC5B1D}.Release|Any CPU.Build.0 = Release|Any CPU
	EndGlobalSection
	GlobalSection(SolutionProperties) = preSolution
		HideSolutionNode = FALSE
	EndGlobalSection
	GlobalSection(ExtensibilityGlobals) = postSolution
		SolutionGuid = {6E86AD57-ED4F-4D7B-899F-35826FCA193A}
	EndGlobalSection
EndGlobal
